// !$*UTF8*$!
{
	archiveVersion = 1;
	classes = {
	};
	objectVersion = 51;
	objects = {

/* Begin PBXBuildFile section */
		3C3B46C337230E5CDD211268 /* Pods_HeyLiveCam.framework in Frameworks */ = {isa = PBXBuildFile; fileRef = 28312230A8A87055BDAE0219 /* Pods_HeyLiveCam.framework */; };
		F443917623AB658C004349F8 /* AppDelegate.swift in Sources */ = {isa = PBXBuildFile; fileRef = F443917523AB658C004349F8 /* AppDelegate.swift */; };
		F443917823AB658C004349F8 /* SceneDelegate.swift in Sources */ = {isa = PBXBuildFile; fileRef = F443917723AB658C004349F8 /* SceneDelegate.swift */; };
		F443917A23AB658C004349F8 /* CameraVC.swift in Sources */ = {isa = PBXBuildFile; fileRef = F443917923AB658C004349F8 /* CameraVC.swift */; };
		F443917D23AB658C004349F8 /* Main.storyboard in Resources */ = {isa = PBXBuildFile; fileRef = F443917B23AB658C004349F8 /* Main.storyboard */; };
		F443918023AB658C004349F8 /* HeyLiveCam.xcdatamodeld in Sources */ = {isa = PBXBuildFile; fileRef = F443917E23AB658C004349F8 /* HeyLiveCam.xcdatamodeld */; };
		F443918223AB658E004349F8 /* Assets.xcassets in Resources */ = {isa = PBXBuildFile; fileRef = F443918123AB658E004349F8 /* Assets.xcassets */; };
		F443918523AB658E004349F8 /* LaunchScreen.storyboard in Resources */ = {isa = PBXBuildFile; fileRef = F443918323AB658E004349F8 /* LaunchScreen.storyboard */; };
		F4559F0123B3193000E5BD30 /* UserDefaultData.swift in Sources */ = {isa = PBXBuildFile; fileRef = F4559F0023B3193000E5BD30 /* UserDefaultData.swift */; };
		F456CC9A23B5B386006C3C82 /* Photos.framework in Frameworks */ = {isa = PBXBuildFile; fileRef = F456CC9923B5B386006C3C82 /* Photos.framework */; };
		F456CC9C23B5B38F006C3C82 /* Foundation.framework in Frameworks */ = {isa = PBXBuildFile; fileRef = F456CC9B23B5B38F006C3C82 /* Foundation.framework */; };
		F497CFE723AC831D00DED004 /* AVFoundation.framework in Frameworks */ = {isa = PBXBuildFile; fileRef = F497CFE623AC831D00DED004 /* AVFoundation.framework */; };
		F497CFEA23ACD20C00DED004 /* SpeechToTextVC.swift in Sources */ = {isa = PBXBuildFile; fileRef = F497CFE923ACD20C00DED004 /* SpeechToTextVC.swift */; };
		F497CFEC23ACD32400DED004 /* Speech.framework in Frameworks */ = {isa = PBXBuildFile; fileRef = F497CFEB23ACD32400DED004 /* Speech.framework */; };
		F497CFEE23ACD43300DED004 /* AVKit.framework in Frameworks */ = {isa = PBXBuildFile; fileRef = F497CFED23ACD43300DED004 /* AVKit.framework */; };
		F497CFF023ACD43900DED004 /* UIKit.framework in Frameworks */ = {isa = PBXBuildFile; fileRef = F497CFEF23ACD43900DED004 /* UIKit.framework */; };
		F497CFF423ACEC3800DED004 /* UIImageExtension.swift in Sources */ = {isa = PBXBuildFile; fileRef = F497CFF323ACEC3800DED004 /* UIImageExtension.swift */; };
		F4A3B73A23BB546C00DB13C5 /* IntentHandler.swift in Sources */ = {isa = PBXBuildFile; fileRef = F4A3B73923BB546C00DB13C5 /* IntentHandler.swift */; };
		F4A3B74223BB546C00DB13C5 /* IntentsUI.framework in Frameworks */ = {isa = PBXBuildFile; fileRef = F4A3B74123BB546C00DB13C5 /* IntentsUI.framework */; };
		F4A3B74523BB546C00DB13C5 /* IntentViewController.swift in Sources */ = {isa = PBXBuildFile; fileRef = F4A3B74423BB546C00DB13C5 /* IntentViewController.swift */; };
		F4A3B74823BB546C00DB13C5 /* MainInterface.storyboard in Resources */ = {isa = PBXBuildFile; fileRef = F4A3B74623BB546C00DB13C5 /* MainInterface.storyboard */; };
		F4A3B74C23BB546C00DB13C5 /* HeyLiveCamSiriUI.appex in Embed App Extensions */ = {isa = PBXBuildFile; fileRef = F4A3B74023BB546C00DB13C5 /* HeyLiveCamSiriUI.appex */; settings = {ATTRIBUTES = (RemoveHeadersOnCopy, ); }; };
		F4A3B74F23BB546C00DB13C5 /* HeyLiveCamSiri.appex in Embed App Extensions */ = {isa = PBXBuildFile; fileRef = F4A3B73723BB546C00DB13C5 /* HeyLiveCamSiri.appex */; settings = {ATTRIBUTES = (RemoveHeadersOnCopy, ); }; };
		F4A4320D23B8769C001787A5 /* 0.jpg in Resources */ = {isa = PBXBuildFile; fileRef = F4A431FF23B8769A001787A5 /* 0.jpg */; };
		F4A4320E23B8769C001787A5 /* 1.jpg in Resources */ = {isa = PBXBuildFile; fileRef = F4A4320023B8769A001787A5 /* 1.jpg */; };
		F4A4320F23B8769C001787A5 /* HeaderView.swift in Sources */ = {isa = PBXBuildFile; fileRef = F4A4320123B8769A001787A5 /* HeaderView.swift */; };
		F4A4321023B8769C001787A5 /* PopupController.swift in Sources */ = {isa = PBXBuildFile; fileRef = F4A4320223B8769B001787A5 /* PopupController.swift */; };
		F4A4321123B8769C001787A5 /* 2.jpg in Resources */ = {isa = PBXBuildFile; fileRef = F4A4320323B8769B001787A5 /* 2.jpg */; };
		F4A4321223B8769C001787A5 /* FooterView.swift in Sources */ = {isa = PBXBuildFile; fileRef = F4A4320423B8769B001787A5 /* FooterView.swift */; };
		F4A4321323B8769C001787A5 /* PhotoCell.swift in Sources */ = {isa = PBXBuildFile; fileRef = F4A4320523B8769B001787A5 /* PhotoCell.swift */; };
		F4A4321423B8769C001787A5 /* Photo.swift in Sources */ = {isa = PBXBuildFile; fileRef = F4A4320623B8769B001787A5 /* Photo.swift */; };
		F4A4321523B8769C001787A5 /* 4.jpg in Resources */ = {isa = PBXBuildFile; fileRef = F4A4320723B8769B001787A5 /* 4.jpg */; };
		F4A4321623B8769C001787A5 /* PhotosController.swift in Sources */ = {isa = PBXBuildFile; fileRef = F4A4320823B8769B001787A5 /* PhotosController.swift */; };
		F4A4321723B8769C001787A5 /* PhotosCollectionLayout.swift in Sources */ = {isa = PBXBuildFile; fileRef = F4A4320923B8769C001787A5 /* PhotosCollectionLayout.swift */; };
		F4A4321823B8769C001787A5 /* 3.jpg in Resources */ = {isa = PBXBuildFile; fileRef = F4A4320A23B8769C001787A5 /* 3.jpg */; };
		F4A4321923B8769C001787A5 /* clear.png in Resources */ = {isa = PBXBuildFile; fileRef = F4A4320B23B8769C001787A5 /* clear.png */; };
		F4A4321A23B8769C001787A5 /* 5.png in Resources */ = {isa = PBXBuildFile; fileRef = F4A4320C23B8769C001787A5 /* 5.png */; };
		F4A4322A23B877EC001787A5 /* Viewable.swift in Sources */ = {isa = PBXBuildFile; fileRef = F4A4321B23B877E9001787A5 /* Viewable.swift */; };
		F4A4322B23B877EC001787A5 /* UIViewExtensions.swift in Sources */ = {isa = PBXBuildFile; fileRef = F4A4321C23B877E9001787A5 /* UIViewExtensions.swift */; };
		F4A4322C23B877EC001787A5 /* Viewer.xcassets in Resources */ = {isa = PBXBuildFile; fileRef = F4A4321D23B877E9001787A5 /* Viewer.xcassets */; };
		F4A4322D23B877EC001787A5 /* ViewerAssets.swift in Sources */ = {isa = PBXBuildFile; fileRef = F4A4321E23B877E9001787A5 /* ViewerAssets.swift */; };
		F4A4322E23B877EC001787A5 /* VideoProgressView.swift in Sources */ = {isa = PBXBuildFile; fileRef = F4A4321F23B877EA001787A5 /* VideoProgressView.swift */; };
		F4A4322F23B877EC001787A5 /* PaginatedScrollView.swift in Sources */ = {isa = PBXBuildFile; fileRef = F4A4322023B877EA001787A5 /* PaginatedScrollView.swift */; };
		F4A4323023B877EC001787A5 /* UIImage+CenteredFrame.swift in Sources */ = {isa = PBXBuildFile; fileRef = F4A4322123B877EA001787A5 /* UIImage+CenteredFrame.swift */; };
		F4A4323123B877EC001787A5 /* DefaultHeaderView.swift in Sources */ = {isa = PBXBuildFile; fileRef = F4A4322223B877EA001787A5 /* DefaultHeaderView.swift */; };
		F4A4323223B877EC001787A5 /* NSIndexPath+Contiguous.swift in Sources */ = {isa = PBXBuildFile; fileRef = F4A4322323B877EB001787A5 /* NSIndexPath+Contiguous.swift */; };
		F4A4323323B877EC001787A5 /* VideoView.swift in Sources */ = {isa = PBXBuildFile; fileRef = F4A4322423B877EB001787A5 /* VideoView.swift */; };
		F4A4323423B877EC001787A5 /* UIViewController+Window.swift in Sources */ = {isa = PBXBuildFile; fileRef = F4A4322523B877EB001787A5 /* UIViewController+Window.swift */; };
		F4A4323523B877EC001787A5 /* SlideshowView.swift in Sources */ = {isa = PBXBuildFile; fileRef = F4A4322623B877EB001787A5 /* SlideshowView.swift */; };
		F4A4323623B877EC001787A5 /* ViewableController.swift in Sources */ = {isa = PBXBuildFile; fileRef = F4A4322723B877EB001787A5 /* ViewableController.swift */; };
		F4A4323723B877EC001787A5 /* ViewableControllerContainer.swift in Sources */ = {isa = PBXBuildFile; fileRef = F4A4322823B877EB001787A5 /* ViewableControllerContainer.swift */; };
		F4A4323823B877EC001787A5 /* ViewerController.swift in Sources */ = {isa = PBXBuildFile; fileRef = F4A4322923B877EC001787A5 /* ViewerController.swift */; };
		F4A9136D23B4B698006E207A /* PopOverVC.swift in Sources */ = {isa = PBXBuildFile; fileRef = F4A9136C23B4B698006E207A /* PopOverVC.swift */; };
		F4AD5A8423B21CC900784D94 /* VoiceTextUpdateVC.swift in Sources */ = {isa = PBXBuildFile; fileRef = F4AD5A8323B21CC900784D94 /* VoiceTextUpdateVC.swift */; };
		F4AD5A8723B2607400784D94 /* HelpVC.swift in Sources */ = {isa = PBXBuildFile; fileRef = F4AD5A8623B2607400784D94 /* HelpVC.swift */; };
		F4B0D8F423ADE0B9007F0380 /* CameraController.swift in Sources */ = {isa = PBXBuildFile; fileRef = F4B0D8F323ADE0B9007F0380 /* CameraController.swift */; };
		F4B0D8FA23ADEE55007F0380 /* CameraVidoeVC.swift in Sources */ = {isa = PBXBuildFile; fileRef = F4B0D8F923ADEE55007F0380 /* CameraVidoeVC.swift */; };
		F4B0D8FD23AE394B007F0380 /* InAppPurchaseVC.swift in Sources */ = {isa = PBXBuildFile; fileRef = F4B0D8FC23AE394B007F0380 /* InAppPurchaseVC.swift */; };
		F4B0D90023AE42A4007F0380 /* SettingsVC.swift in Sources */ = {isa = PBXBuildFile; fileRef = F4B0D8FF23AE42A4007F0380 /* SettingsVC.swift */; };
		F4B1BF9223BB681A00FB60A5 /* ConstantFile.swift in Sources */ = {isa = PBXBuildFile; fileRef = F4B1BF9123BB681A00FB60A5 /* ConstantFile.swift */; };
		F4B1BF9423BB6B6700FB60A5 /* Intents.intentdefinition in Sources */ = {isa = PBXBuildFile; fileRef = F4B1BF9323BB6B6700FB60A5 /* Intents.intentdefinition */; };
		F4B1BF9623BB706000FB60A5 /* SpriteKit.framework in Frameworks */ = {isa = PBXBuildFile; fileRef = F4B1BF9523BB706000FB60A5 /* SpriteKit.framework */; };
		F4B1BF9723BB77B100FB60A5 /* Intents.intentdefinition in Sources */ = {isa = PBXBuildFile; fileRef = F4B1BF9323BB6B6700FB60A5 /* Intents.intentdefinition */; };
		F4B1BF9823BB77B100FB60A5 /* Intents.intentdefinition in Sources */ = {isa = PBXBuildFile; fileRef = F4B1BF9323BB6B6700FB60A5 /* Intents.intentdefinition */; };
/* End PBXBuildFile section */

/* Begin PBXContainerItemProxy section */
		F4A3B74A23BB546C00DB13C5 /* PBXContainerItemProxy */ = {
			isa = PBXContainerItemProxy;
			containerPortal = F443916A23AB658C004349F8 /* Project object */;
			proxyType = 1;
			remoteGlobalIDString = F4A3B73F23BB546C00DB13C5;
			remoteInfo = HeyLiveCamSiriUI;
		};
		F4A3B74D23BB546C00DB13C5 /* PBXContainerItemProxy */ = {
			isa = PBXContainerItemProxy;
			containerPortal = F443916A23AB658C004349F8 /* Project object */;
			proxyType = 1;
			remoteGlobalIDString = F4A3B73623BB546C00DB13C5;
			remoteInfo = HeyLiveCamSiri;
		};
/* End PBXContainerItemProxy section */

/* Begin PBXCopyFilesBuildPhase section */
		F4A3B75023BB546C00DB13C5 /* Embed App Extensions */ = {
			isa = PBXCopyFilesBuildPhase;
			buildActionMask = 2147483647;
			dstPath = "";
			dstSubfolderSpec = 13;
			files = (
				F4A3B74F23BB546C00DB13C5 /* HeyLiveCamSiri.appex in Embed App Extensions */,
				F4A3B74C23BB546C00DB13C5 /* HeyLiveCamSiriUI.appex in Embed App Extensions */,
			);
			name = "Embed App Extensions";
			runOnlyForDeploymentPostprocessing = 0;
		};
/* End PBXCopyFilesBuildPhase section */

/* Begin PBXFileReference section */
		1EF37BA145912A959B522B35 /* Pods-HeyLiveCam.release.xcconfig */ = {isa = PBXFileReference; includeInIndex = 1; lastKnownFileType = text.xcconfig; name = "Pods-HeyLiveCam.release.xcconfig"; path = "Target Support Files/Pods-HeyLiveCam/Pods-HeyLiveCam.release.xcconfig"; sourceTree = "<group>"; };
		28312230A8A87055BDAE0219 /* Pods_HeyLiveCam.framework */ = {isa = PBXFileReference; explicitFileType = wrapper.framework; includeInIndex = 0; path = Pods_HeyLiveCam.framework; sourceTree = BUILT_PRODUCTS_DIR; };
		95DD20A01518E2313153A69C /* Pods-HeyLiveCam.debug.xcconfig */ = {isa = PBXFileReference; includeInIndex = 1; lastKnownFileType = text.xcconfig; name = "Pods-HeyLiveCam.debug.xcconfig"; path = "Target Support Files/Pods-HeyLiveCam/Pods-HeyLiveCam.debug.xcconfig"; sourceTree = "<group>"; };
		F443917223AB658C004349F8 /* HeyLiveCam.app */ = {isa = PBXFileReference; explicitFileType = wrapper.application; includeInIndex = 0; path = HeyLiveCam.app; sourceTree = BUILT_PRODUCTS_DIR; };
		F443917523AB658C004349F8 /* AppDelegate.swift */ = {isa = PBXFileReference; lastKnownFileType = sourcecode.swift; path = AppDelegate.swift; sourceTree = "<group>"; };
		F443917723AB658C004349F8 /* SceneDelegate.swift */ = {isa = PBXFileReference; lastKnownFileType = sourcecode.swift; path = SceneDelegate.swift; sourceTree = "<group>"; };
		F443917923AB658C004349F8 /* CameraVC.swift */ = {isa = PBXFileReference; lastKnownFileType = sourcecode.swift; path = CameraVC.swift; sourceTree = "<group>"; };
		F443917C23AB658C004349F8 /* Base */ = {isa = PBXFileReference; lastKnownFileType = file.storyboard; name = Base; path = Base.lproj/Main.storyboard; sourceTree = "<group>"; };
		F443917F23AB658C004349F8 /* HeyLiveCam.xcdatamodel */ = {isa = PBXFileReference; lastKnownFileType = wrapper.xcdatamodel; path = HeyLiveCam.xcdatamodel; sourceTree = "<group>"; };
		F443918123AB658E004349F8 /* Assets.xcassets */ = {isa = PBXFileReference; lastKnownFileType = folder.assetcatalog; path = Assets.xcassets; sourceTree = "<group>"; };
		F443918423AB658E004349F8 /* Base */ = {isa = PBXFileReference; lastKnownFileType = file.storyboard; name = Base; path = Base.lproj/LaunchScreen.storyboard; sourceTree = "<group>"; };
		F443918623AB658E004349F8 /* Info.plist */ = {isa = PBXFileReference; lastKnownFileType = text.plist.xml; path = Info.plist; sourceTree = "<group>"; };
		F4559F0023B3193000E5BD30 /* UserDefaultData.swift */ = {isa = PBXFileReference; lastKnownFileType = sourcecode.swift; path = UserDefaultData.swift; sourceTree = "<group>"; };
		F456CC9923B5B386006C3C82 /* Photos.framework */ = {isa = PBXFileReference; lastKnownFileType = wrapper.framework; name = Photos.framework; path = System/Library/Frameworks/Photos.framework; sourceTree = SDKROOT; };
		F456CC9B23B5B38F006C3C82 /* Foundation.framework */ = {isa = PBXFileReference; lastKnownFileType = wrapper.framework; name = Foundation.framework; path = System/Library/Frameworks/Foundation.framework; sourceTree = SDKROOT; };
		F497CFE623AC831D00DED004 /* AVFoundation.framework */ = {isa = PBXFileReference; lastKnownFileType = wrapper.framework; name = AVFoundation.framework; path = System/Library/Frameworks/AVFoundation.framework; sourceTree = SDKROOT; };
		F497CFE923ACD20C00DED004 /* SpeechToTextVC.swift */ = {isa = PBXFileReference; lastKnownFileType = sourcecode.swift; path = SpeechToTextVC.swift; sourceTree = "<group>"; };
		F497CFEB23ACD32400DED004 /* Speech.framework */ = {isa = PBXFileReference; lastKnownFileType = wrapper.framework; name = Speech.framework; path = System/Library/Frameworks/Speech.framework; sourceTree = SDKROOT; };
		F497CFED23ACD43300DED004 /* AVKit.framework */ = {isa = PBXFileReference; lastKnownFileType = wrapper.framework; name = AVKit.framework; path = System/Library/Frameworks/AVKit.framework; sourceTree = SDKROOT; };
		F497CFEF23ACD43900DED004 /* UIKit.framework */ = {isa = PBXFileReference; lastKnownFileType = wrapper.framework; name = UIKit.framework; path = System/Library/Frameworks/UIKit.framework; sourceTree = SDKROOT; };
		F497CFF323ACEC3800DED004 /* UIImageExtension.swift */ = {isa = PBXFileReference; lastKnownFileType = sourcecode.swift; path = UIImageExtension.swift; sourceTree = "<group>"; };
		F4A3B73723BB546C00DB13C5 /* HeyLiveCamSiri.appex */ = {isa = PBXFileReference; explicitFileType = "wrapper.app-extension"; includeInIndex = 0; path = HeyLiveCamSiri.appex; sourceTree = BUILT_PRODUCTS_DIR; };
		F4A3B73923BB546C00DB13C5 /* IntentHandler.swift */ = {isa = PBXFileReference; lastKnownFileType = sourcecode.swift; path = IntentHandler.swift; sourceTree = "<group>"; };
		F4A3B73B23BB546C00DB13C5 /* Info.plist */ = {isa = PBXFileReference; lastKnownFileType = text.plist.xml; path = Info.plist; sourceTree = "<group>"; };
		F4A3B74023BB546C00DB13C5 /* HeyLiveCamSiriUI.appex */ = {isa = PBXFileReference; explicitFileType = "wrapper.app-extension"; includeInIndex = 0; path = HeyLiveCamSiriUI.appex; sourceTree = BUILT_PRODUCTS_DIR; };
		F4A3B74123BB546C00DB13C5 /* IntentsUI.framework */ = {isa = PBXFileReference; lastKnownFileType = wrapper.framework; name = IntentsUI.framework; path = System/Library/Frameworks/IntentsUI.framework; sourceTree = SDKROOT; };
		F4A3B74423BB546C00DB13C5 /* IntentViewController.swift */ = {isa = PBXFileReference; lastKnownFileType = sourcecode.swift; path = IntentViewController.swift; sourceTree = "<group>"; };
		F4A3B74723BB546C00DB13C5 /* Base */ = {isa = PBXFileReference; lastKnownFileType = file.storyboard; name = Base; path = Base.lproj/MainInterface.storyboard; sourceTree = "<group>"; };
		F4A3B74923BB546C00DB13C5 /* Info.plist */ = {isa = PBXFileReference; lastKnownFileType = text.plist.xml; path = Info.plist; sourceTree = "<group>"; };
		F4A431FF23B8769A001787A5 /* 0.jpg */ = {isa = PBXFileReference; lastKnownFileType = image.jpeg; path = 0.jpg; sourceTree = "<group>"; };
		F4A4320023B8769A001787A5 /* 1.jpg */ = {isa = PBXFileReference; lastKnownFileType = image.jpeg; path = 1.jpg; sourceTree = "<group>"; };
		F4A4320123B8769A001787A5 /* HeaderView.swift */ = {isa = PBXFileReference; fileEncoding = 4; lastKnownFileType = sourcecode.swift; path = HeaderView.swift; sourceTree = "<group>"; };
		F4A4320223B8769B001787A5 /* PopupController.swift */ = {isa = PBXFileReference; fileEncoding = 4; lastKnownFileType = sourcecode.swift; path = PopupController.swift; sourceTree = "<group>"; };
		F4A4320323B8769B001787A5 /* 2.jpg */ = {isa = PBXFileReference; lastKnownFileType = image.jpeg; path = 2.jpg; sourceTree = "<group>"; };
		F4A4320423B8769B001787A5 /* FooterView.swift */ = {isa = PBXFileReference; fileEncoding = 4; lastKnownFileType = sourcecode.swift; path = FooterView.swift; sourceTree = "<group>"; };
		F4A4320523B8769B001787A5 /* PhotoCell.swift */ = {isa = PBXFileReference; fileEncoding = 4; lastKnownFileType = sourcecode.swift; path = PhotoCell.swift; sourceTree = "<group>"; };
		F4A4320623B8769B001787A5 /* Photo.swift */ = {isa = PBXFileReference; fileEncoding = 4; lastKnownFileType = sourcecode.swift; path = Photo.swift; sourceTree = "<group>"; };
		F4A4320723B8769B001787A5 /* 4.jpg */ = {isa = PBXFileReference; lastKnownFileType = image.jpeg; path = 4.jpg; sourceTree = "<group>"; };
		F4A4320823B8769B001787A5 /* PhotosController.swift */ = {isa = PBXFileReference; fileEncoding = 4; lastKnownFileType = sourcecode.swift; path = PhotosController.swift; sourceTree = "<group>"; };
		F4A4320923B8769C001787A5 /* PhotosCollectionLayout.swift */ = {isa = PBXFileReference; fileEncoding = 4; lastKnownFileType = sourcecode.swift; path = PhotosCollectionLayout.swift; sourceTree = "<group>"; };
		F4A4320A23B8769C001787A5 /* 3.jpg */ = {isa = PBXFileReference; lastKnownFileType = image.jpeg; path = 3.jpg; sourceTree = "<group>"; };
		F4A4320B23B8769C001787A5 /* clear.png */ = {isa = PBXFileReference; lastKnownFileType = image.png; path = clear.png; sourceTree = "<group>"; };
		F4A4320C23B8769C001787A5 /* 5.png */ = {isa = PBXFileReference; lastKnownFileType = image.png; path = 5.png; sourceTree = "<group>"; };
		F4A4321B23B877E9001787A5 /* Viewable.swift */ = {isa = PBXFileReference; fileEncoding = 4; lastKnownFileType = sourcecode.swift; path = Viewable.swift; sourceTree = "<group>"; };
		F4A4321C23B877E9001787A5 /* UIViewExtensions.swift */ = {isa = PBXFileReference; fileEncoding = 4; lastKnownFileType = sourcecode.swift; path = UIViewExtensions.swift; sourceTree = "<group>"; };
		F4A4321D23B877E9001787A5 /* Viewer.xcassets */ = {isa = PBXFileReference; lastKnownFileType = folder.assetcatalog; path = Viewer.xcassets; sourceTree = "<group>"; };
		F4A4321E23B877E9001787A5 /* ViewerAssets.swift */ = {isa = PBXFileReference; fileEncoding = 4; lastKnownFileType = sourcecode.swift; path = ViewerAssets.swift; sourceTree = "<group>"; };
		F4A4321F23B877EA001787A5 /* VideoProgressView.swift */ = {isa = PBXFileReference; fileEncoding = 4; lastKnownFileType = sourcecode.swift; path = VideoProgressView.swift; sourceTree = "<group>"; };
		F4A4322023B877EA001787A5 /* PaginatedScrollView.swift */ = {isa = PBXFileReference; fileEncoding = 4; lastKnownFileType = sourcecode.swift; path = PaginatedScrollView.swift; sourceTree = "<group>"; };
		F4A4322123B877EA001787A5 /* UIImage+CenteredFrame.swift */ = {isa = PBXFileReference; fileEncoding = 4; lastKnownFileType = sourcecode.swift; path = "UIImage+CenteredFrame.swift"; sourceTree = "<group>"; };
		F4A4322223B877EA001787A5 /* DefaultHeaderView.swift */ = {isa = PBXFileReference; fileEncoding = 4; lastKnownFileType = sourcecode.swift; path = DefaultHeaderView.swift; sourceTree = "<group>"; };
		F4A4322323B877EB001787A5 /* NSIndexPath+Contiguous.swift */ = {isa = PBXFileReference; fileEncoding = 4; lastKnownFileType = sourcecode.swift; path = "NSIndexPath+Contiguous.swift"; sourceTree = "<group>"; };
		F4A4322423B877EB001787A5 /* VideoView.swift */ = {isa = PBXFileReference; fileEncoding = 4; lastKnownFileType = sourcecode.swift; path = VideoView.swift; sourceTree = "<group>"; };
		F4A4322523B877EB001787A5 /* UIViewController+Window.swift */ = {isa = PBXFileReference; fileEncoding = 4; lastKnownFileType = sourcecode.swift; path = "UIViewController+Window.swift"; sourceTree = "<group>"; };
		F4A4322623B877EB001787A5 /* SlideshowView.swift */ = {isa = PBXFileReference; fileEncoding = 4; lastKnownFileType = sourcecode.swift; path = SlideshowView.swift; sourceTree = "<group>"; };
		F4A4322723B877EB001787A5 /* ViewableController.swift */ = {isa = PBXFileReference; fileEncoding = 4; lastKnownFileType = sourcecode.swift; path = ViewableController.swift; sourceTree = "<group>"; };
		F4A4322823B877EB001787A5 /* ViewableControllerContainer.swift */ = {isa = PBXFileReference; fileEncoding = 4; lastKnownFileType = sourcecode.swift; path = ViewableControllerContainer.swift; sourceTree = "<group>"; };
		F4A4322923B877EC001787A5 /* ViewerController.swift */ = {isa = PBXFileReference; fileEncoding = 4; lastKnownFileType = sourcecode.swift; path = ViewerController.swift; sourceTree = "<group>"; };
		F4A9136C23B4B698006E207A /* PopOverVC.swift */ = {isa = PBXFileReference; fileEncoding = 4; lastKnownFileType = sourcecode.swift; path = PopOverVC.swift; sourceTree = "<group>"; };
		F4AD5A8323B21CC900784D94 /* VoiceTextUpdateVC.swift */ = {isa = PBXFileReference; lastKnownFileType = sourcecode.swift; path = VoiceTextUpdateVC.swift; sourceTree = "<group>"; };
		F4AD5A8623B2607400784D94 /* HelpVC.swift */ = {isa = PBXFileReference; lastKnownFileType = sourcecode.swift; path = HelpVC.swift; sourceTree = "<group>"; };
		F4B0D8F323ADE0B9007F0380 /* CameraController.swift */ = {isa = PBXFileReference; fileEncoding = 4; lastKnownFileType = sourcecode.swift; path = CameraController.swift; sourceTree = "<group>"; };
		F4B0D8F923ADEE55007F0380 /* CameraVidoeVC.swift */ = {isa = PBXFileReference; lastKnownFileType = sourcecode.swift; path = CameraVidoeVC.swift; sourceTree = "<group>"; };
		F4B0D8FC23AE394B007F0380 /* InAppPurchaseVC.swift */ = {isa = PBXFileReference; lastKnownFileType = sourcecode.swift; path = InAppPurchaseVC.swift; sourceTree = "<group>"; };
		F4B0D8FF23AE42A4007F0380 /* SettingsVC.swift */ = {isa = PBXFileReference; lastKnownFileType = sourcecode.swift; path = SettingsVC.swift; sourceTree = "<group>"; };
		F4B1BF9123BB681A00FB60A5 /* ConstantFile.swift */ = {isa = PBXFileReference; lastKnownFileType = sourcecode.swift; path = ConstantFile.swift; sourceTree = "<group>"; };
		F4B1BF9323BB6B6700FB60A5 /* Intents.intentdefinition */ = {isa = PBXFileReference; lastKnownFileType = file.intentdefinition; path = Intents.intentdefinition; sourceTree = "<group>"; };
		F4B1BF9523BB706000FB60A5 /* SpriteKit.framework */ = {isa = PBXFileReference; lastKnownFileType = wrapper.framework; name = SpriteKit.framework; path = System/Library/Frameworks/SpriteKit.framework; sourceTree = SDKROOT; };
/* End PBXFileReference section */

/* Begin PBXFrameworksBuildPhase section */
		F443916F23AB658C004349F8 /* Frameworks */ = {
			isa = PBXFrameworksBuildPhase;
			buildActionMask = 2147483647;
			files = (
				F497CFEC23ACD32400DED004 /* Speech.framework in Frameworks */,
				F456CC9C23B5B38F006C3C82 /* Foundation.framework in Frameworks */,
				F456CC9A23B5B386006C3C82 /* Photos.framework in Frameworks */,
				F497CFF023ACD43900DED004 /* UIKit.framework in Frameworks */,
				F497CFE723AC831D00DED004 /* AVFoundation.framework in Frameworks */,
				F497CFEE23ACD43300DED004 /* AVKit.framework in Frameworks */,
				F4B1BF9623BB706000FB60A5 /* SpriteKit.framework in Frameworks */,
				3C3B46C337230E5CDD211268 /* Pods_HeyLiveCam.framework in Frameworks */,
			);
			runOnlyForDeploymentPostprocessing = 0;
		};
		F4A3B73423BB546C00DB13C5 /* Frameworks */ = {
			isa = PBXFrameworksBuildPhase;
			buildActionMask = 2147483647;
			files = (
			);
			runOnlyForDeploymentPostprocessing = 0;
		};
		F4A3B73D23BB546C00DB13C5 /* Frameworks */ = {
			isa = PBXFrameworksBuildPhase;
			buildActionMask = 2147483647;
			files = (
				F4A3B74223BB546C00DB13C5 /* IntentsUI.framework in Frameworks */,
			);
			runOnlyForDeploymentPostprocessing = 0;
		};
/* End PBXFrameworksBuildPhase section */

/* Begin PBXGroup section */
		DA232242C866599B06645ACB /* Pods */ = {
			isa = PBXGroup;
			children = (
				95DD20A01518E2313153A69C /* Pods-HeyLiveCam.debug.xcconfig */,
				1EF37BA145912A959B522B35 /* Pods-HeyLiveCam.release.xcconfig */,
			);
			path = Pods;
			sourceTree = "<group>";
		};
		F443916923AB658C004349F8 = {
			isa = PBXGroup;
			children = (
				F443917423AB658C004349F8 /* HeyLiveCam */,
				F4A3B73823BB546C00DB13C5 /* HeyLiveCamSiri */,
				F4A3B74323BB546C00DB13C5 /* HeyLiveCamSiriUI */,
				F443917323AB658C004349F8 /* Products */,
				F497CFE523AC831D00DED004 /* Frameworks */,
				DA232242C866599B06645ACB /* Pods */,
			);
			sourceTree = "<group>";
		};
		F443917323AB658C004349F8 /* Products */ = {
			isa = PBXGroup;
			children = (
				F443917223AB658C004349F8 /* HeyLiveCam.app */,
				F4A3B73723BB546C00DB13C5 /* HeyLiveCamSiri.appex */,
				F4A3B74023BB546C00DB13C5 /* HeyLiveCamSiriUI.appex */,
			);
			name = Products;
			sourceTree = "<group>";
		};
		F443917423AB658C004349F8 /* HeyLiveCam */ = {
			isa = PBXGroup;
			children = (
				F4B1BF9323BB6B6700FB60A5 /* Intents.intentdefinition */,
				F4A431FD23B87653001787A5 /* ThirdPartyLib */,
				F497CFF123ACEC1000DED004 /* LTL_Library */,
				F443918F23AB6661004349F8 /* Storyboard */,
				F443918C23AB6613004349F8 /* SwiftFiles */,
				F443918123AB658E004349F8 /* Assets.xcassets */,
				F443918623AB658E004349F8 /* Info.plist */,
				F443917E23AB658C004349F8 /* HeyLiveCam.xcdatamodeld */,
			);
			path = HeyLiveCam;
			sourceTree = "<group>";
		};
		F443918C23AB6613004349F8 /* SwiftFiles */ = {
			isa = PBXGroup;
			children = (
				F4B1BF9023BB67F500FB60A5 /* ConstantFile */,
				F443919023AB6695004349F8 /* ViewControllers */,
				F443918E23AB6650004349F8 /* SceneDelegate */,
				F443918D23AB6635004349F8 /* AppDelegate */,
			);
			path = SwiftFiles;
			sourceTree = "<group>";
		};
		F443918D23AB6635004349F8 /* AppDelegate */ = {
			isa = PBXGroup;
			children = (
				F443917523AB658C004349F8 /* AppDelegate.swift */,
			);
			path = AppDelegate;
			sourceTree = "<group>";
		};
		F443918E23AB6650004349F8 /* SceneDelegate */ = {
			isa = PBXGroup;
			children = (
				F443917723AB658C004349F8 /* SceneDelegate.swift */,
			);
			path = SceneDelegate;
			sourceTree = "<group>";
		};
		F443918F23AB6661004349F8 /* Storyboard */ = {
			isa = PBXGroup;
			children = (
				F443918323AB658E004349F8 /* LaunchScreen.storyboard */,
				F443917B23AB658C004349F8 /* Main.storyboard */,
			);
			path = Storyboard;
			sourceTree = "<group>";
		};
		F443919023AB6695004349F8 /* ViewControllers */ = {
			isa = PBXGroup;
			children = (
				F4AD5A8523B2606400784D94 /* HelpVC */,
				F4AD5A8223B21C8100784D94 /* VoiceTextUpdateVC */,
				F4B0D8FE23AE4293007F0380 /* SettingsVC */,
				F4B0D8FB23AE3934007F0380 /* InAppPurchaseVC */,
				F4B0D8F823ADEE3C007F0380 /* CameraVideoVC */,
				F497CFE823ACD1F800DED004 /* SpeechToTextVC */,
				F443919123AB66B0004349F8 /* CameraVC */,
			);
			path = ViewControllers;
			sourceTree = "<group>";
		};
		F443919123AB66B0004349F8 /* CameraVC */ = {
			isa = PBXGroup;
			children = (
				F443917923AB658C004349F8 /* CameraVC.swift */,
			);
			path = CameraVC;
			sourceTree = "<group>";
		};
		F4559EFF23B3190700E5BD30 /* UserDefaultData */ = {
			isa = PBXGroup;
			children = (
				F4559F0023B3193000E5BD30 /* UserDefaultData.swift */,
			);
			path = UserDefaultData;
			sourceTree = "<group>";
		};
		F497CFE523AC831D00DED004 /* Frameworks */ = {
			isa = PBXGroup;
			children = (
				F4B1BF9523BB706000FB60A5 /* SpriteKit.framework */,
				F456CC9B23B5B38F006C3C82 /* Foundation.framework */,
				F456CC9923B5B386006C3C82 /* Photos.framework */,
				F497CFEF23ACD43900DED004 /* UIKit.framework */,
				F497CFED23ACD43300DED004 /* AVKit.framework */,
				F497CFEB23ACD32400DED004 /* Speech.framework */,
				F497CFE623AC831D00DED004 /* AVFoundation.framework */,
				28312230A8A87055BDAE0219 /* Pods_HeyLiveCam.framework */,
				F4A3B74123BB546C00DB13C5 /* IntentsUI.framework */,
			);
			name = Frameworks;
			sourceTree = "<group>";
		};
		F497CFE823ACD1F800DED004 /* SpeechToTextVC */ = {
			isa = PBXGroup;
			children = (
				F497CFE923ACD20C00DED004 /* SpeechToTextVC.swift */,
			);
			path = SpeechToTextVC;
			sourceTree = "<group>";
		};
		F497CFF123ACEC1000DED004 /* LTL_Library */ = {
			isa = PBXGroup;
			children = (
				F4559EFF23B3190700E5BD30 /* UserDefaultData */,
				F4B0D8F123ADE096007F0380 /* CustomLibrary */,
				F497CFF223ACEC1B00DED004 /* Extension */,
			);
			path = LTL_Library;
			sourceTree = "<group>";
		};
		F497CFF223ACEC1B00DED004 /* Extension */ = {
			isa = PBXGroup;
			children = (
				F497CFF323ACEC3800DED004 /* UIImageExtension.swift */,
			);
			path = Extension;
			sourceTree = "<group>";
		};
		F4A3B73823BB546C00DB13C5 /* HeyLiveCamSiri */ = {
			isa = PBXGroup;
			children = (
				F4A3B73923BB546C00DB13C5 /* IntentHandler.swift */,
				F4A3B73B23BB546C00DB13C5 /* Info.plist */,
			);
			path = HeyLiveCamSiri;
			sourceTree = "<group>";
		};
		F4A3B74323BB546C00DB13C5 /* HeyLiveCamSiriUI */ = {
			isa = PBXGroup;
			children = (
				F4A3B74423BB546C00DB13C5 /* IntentViewController.swift */,
				F4A3B74623BB546C00DB13C5 /* MainInterface.storyboard */,
				F4A3B74923BB546C00DB13C5 /* Info.plist */,
			);
			path = HeyLiveCamSiriUI;
			sourceTree = "<group>";
		};
		F4A431FD23B87653001787A5 /* ThirdPartyLib */ = {
			isa = PBXGroup;
			children = (
				F4A431FE23B87664001787A5 /* PhotoViewer */,
			);
			path = ThirdPartyLib;
			sourceTree = "<group>";
		};
		F4A431FE23B87664001787A5 /* PhotoViewer */ = {
			isa = PBXGroup;
			children = (
				F4A431FF23B8769A001787A5 /* 0.jpg */,
				F4A4320023B8769A001787A5 /* 1.jpg */,
				F4A4320323B8769B001787A5 /* 2.jpg */,
				F4A4320A23B8769C001787A5 /* 3.jpg */,
				F4A4320723B8769B001787A5 /* 4.jpg */,
				F4A4320C23B8769C001787A5 /* 5.png */,
				F4A4320B23B8769C001787A5 /* clear.png */,
				F4A4320423B8769B001787A5 /* FooterView.swift */,
				F4A4320123B8769A001787A5 /* HeaderView.swift */,
				F4A4320623B8769B001787A5 /* Photo.swift */,
				F4A4320523B8769B001787A5 /* PhotoCell.swift */,
				F4A4320923B8769C001787A5 /* PhotosCollectionLayout.swift */,
				F4A4322223B877EA001787A5 /* DefaultHeaderView.swift */,
				F4A4322323B877EB001787A5 /* NSIndexPath+Contiguous.swift */,
				F4A4322023B877EA001787A5 /* PaginatedScrollView.swift */,
				F4A4322623B877EB001787A5 /* SlideshowView.swift */,
				F4A4322123B877EA001787A5 /* UIImage+CenteredFrame.swift */,
				F4A4322523B877EB001787A5 /* UIViewController+Window.swift */,
				F4A4321C23B877E9001787A5 /* UIViewExtensions.swift */,
				F4A4321F23B877EA001787A5 /* VideoProgressView.swift */,
				F4A4322423B877EB001787A5 /* VideoView.swift */,
				F4A4321B23B877E9001787A5 /* Viewable.swift */,
				F4A4322723B877EB001787A5 /* ViewableController.swift */,
				F4A4322823B877EB001787A5 /* ViewableControllerContainer.swift */,
				F4A4321D23B877E9001787A5 /* Viewer.xcassets */,
				F4A4321E23B877E9001787A5 /* ViewerAssets.swift */,
				F4A4322923B877EC001787A5 /* ViewerController.swift */,
				F4A4320823B8769B001787A5 /* PhotosController.swift */,
				F4A4320223B8769B001787A5 /* PopupController.swift */,
			);
			path = PhotoViewer;
			sourceTree = "<group>";
		};
		F4A9136B23B4B68A006E207A /* PopOverVC */ = {
			isa = PBXGroup;
			children = (
				F4A9136C23B4B698006E207A /* PopOverVC.swift */,
			);
			path = PopOverVC;
			sourceTree = "<group>";
		};
		F4AD5A8223B21C8100784D94 /* VoiceTextUpdateVC */ = {
			isa = PBXGroup;
			children = (
				F4AD5A8323B21CC900784D94 /* VoiceTextUpdateVC.swift */,
			);
			path = VoiceTextUpdateVC;
			sourceTree = "<group>";
		};
		F4AD5A8523B2606400784D94 /* HelpVC */ = {
			isa = PBXGroup;
			children = (
				F4AD5A8623B2607400784D94 /* HelpVC.swift */,
			);
			path = HelpVC;
			sourceTree = "<group>";
		};
		F4B0D8F123ADE096007F0380 /* CustomLibrary */ = {
			isa = PBXGroup;
			children = (
				F4A9136B23B4B68A006E207A /* PopOverVC */,
				F4B0D8F223ADE0AD007F0380 /* CameraController */,
			);
			path = CustomLibrary;
			sourceTree = "<group>";
		};
		F4B0D8F223ADE0AD007F0380 /* CameraController */ = {
			isa = PBXGroup;
			children = (
				F4B0D8F323ADE0B9007F0380 /* CameraController.swift */,
			);
			path = CameraController;
			sourceTree = "<group>";
		};
		F4B0D8F823ADEE3C007F0380 /* CameraVideoVC */ = {
			isa = PBXGroup;
			children = (
				F4B0D8F923ADEE55007F0380 /* CameraVidoeVC.swift */,
			);
			path = CameraVideoVC;
			sourceTree = "<group>";
		};
		F4B0D8FB23AE3934007F0380 /* InAppPurchaseVC */ = {
			isa = PBXGroup;
			children = (
				F4B0D8FC23AE394B007F0380 /* InAppPurchaseVC.swift */,
			);
			path = InAppPurchaseVC;
			sourceTree = "<group>";
		};
		F4B0D8FE23AE4293007F0380 /* SettingsVC */ = {
			isa = PBXGroup;
			children = (
				F4B0D8FF23AE42A4007F0380 /* SettingsVC.swift */,
			);
			path = SettingsVC;
			sourceTree = "<group>";
		};
		F4B1BF9023BB67F500FB60A5 /* ConstantFile */ = {
			isa = PBXGroup;
			children = (
				F4B1BF9123BB681A00FB60A5 /* ConstantFile.swift */,
			);
			path = ConstantFile;
			sourceTree = "<group>";
		};
/* End PBXGroup section */

/* Begin PBXNativeTarget section */
		F443917123AB658C004349F8 /* HeyLiveCam */ = {
			isa = PBXNativeTarget;
			buildConfigurationList = F443918923AB658E004349F8 /* Build configuration list for PBXNativeTarget "HeyLiveCam" */;
			buildPhases = (
				0E57EB7149258DB9834715C7 /* [CP] Check Pods Manifest.lock */,
				F443916E23AB658C004349F8 /* Sources */,
				F443916F23AB658C004349F8 /* Frameworks */,
				F443917023AB658C004349F8 /* Resources */,
				612AD32A2B4F8D01EDE6CD82 /* [CP] Embed Pods Frameworks */,
				F4A3B75023BB546C00DB13C5 /* Embed App Extensions */,
			);
			buildRules = (
			);
			dependencies = (
				F4A3B74B23BB546C00DB13C5 /* PBXTargetDependency */,
				F4A3B74E23BB546C00DB13C5 /* PBXTargetDependency */,
			);
			name = HeyLiveCam;
			productName = HeyLiveCam;
			productReference = F443917223AB658C004349F8 /* HeyLiveCam.app */;
			productType = "com.apple.product-type.application";
		};
		F4A3B73623BB546C00DB13C5 /* HeyLiveCamSiri */ = {
			isa = PBXNativeTarget;
			buildConfigurationList = F4A3B75623BB546C00DB13C5 /* Build configuration list for PBXNativeTarget "HeyLiveCamSiri" */;
			buildPhases = (
				F4A3B73323BB546C00DB13C5 /* Sources */,
				F4A3B73423BB546C00DB13C5 /* Frameworks */,
				F4A3B73523BB546C00DB13C5 /* Resources */,
			);
			buildRules = (
			);
			dependencies = (
			);
			name = HeyLiveCamSiri;
			productName = HeyLiveCamSiri;
			productReference = F4A3B73723BB546C00DB13C5 /* HeyLiveCamSiri.appex */;
			productType = "com.apple.product-type.app-extension";
		};
		F4A3B73F23BB546C00DB13C5 /* HeyLiveCamSiriUI */ = {
			isa = PBXNativeTarget;
			buildConfigurationList = F4A3B75523BB546C00DB13C5 /* Build configuration list for PBXNativeTarget "HeyLiveCamSiriUI" */;
			buildPhases = (
				F4A3B73C23BB546C00DB13C5 /* Sources */,
				F4A3B73D23BB546C00DB13C5 /* Frameworks */,
				F4A3B73E23BB546C00DB13C5 /* Resources */,
			);
			buildRules = (
			);
			dependencies = (
			);
			name = HeyLiveCamSiriUI;
			productName = HeyLiveCamSiriUI;
			productReference = F4A3B74023BB546C00DB13C5 /* HeyLiveCamSiriUI.appex */;
			productType = "com.apple.product-type.app-extension";
		};
/* End PBXNativeTarget section */

/* Begin PBXProject section */
		F443916A23AB658C004349F8 /* Project object */ = {
			isa = PBXProject;
			attributes = {
				LastSwiftUpdateCheck = 1120;
				LastUpgradeCheck = 1120;
				ORGANIZATIONNAME = Shree;
				TargetAttributes = {
					F443917123AB658C004349F8 = {
						CreatedOnToolsVersion = 11.2.1;
					};
					F4A3B73623BB546C00DB13C5 = {
						CreatedOnToolsVersion = 11.2.1;
					};
					F4A3B73F23BB546C00DB13C5 = {
						CreatedOnToolsVersion = 11.2.1;
					};
				};
			};
			buildConfigurationList = F443916D23AB658C004349F8 /* Build configuration list for PBXProject "HeyLiveCam" */;
			compatibilityVersion = "Xcode 9.3";
			developmentRegion = en;
			hasScannedForEncodings = 0;
			knownRegions = (
				en,
				Base,
			);
			mainGroup = F443916923AB658C004349F8;
			productRefGroup = F443917323AB658C004349F8 /* Products */;
			projectDirPath = "";
			projectRoot = "";
			targets = (
				F443917123AB658C004349F8 /* HeyLiveCam */,
				F4A3B73623BB546C00DB13C5 /* HeyLiveCamSiri */,
				F4A3B73F23BB546C00DB13C5 /* HeyLiveCamSiriUI */,
			);
		};
/* End PBXProject section */

/* Begin PBXResourcesBuildPhase section */
		F443917023AB658C004349F8 /* Resources */ = {
			isa = PBXResourcesBuildPhase;
			buildActionMask = 2147483647;
			files = (
				F4A4321923B8769C001787A5 /* clear.png in Resources */,
				F4A4321A23B8769C001787A5 /* 5.png in Resources */,
				F4A4322C23B877EC001787A5 /* Viewer.xcassets in Resources */,
				F4A4321123B8769C001787A5 /* 2.jpg in Resources */,
				F4A4321523B8769C001787A5 /* 4.jpg in Resources */,
				F4A4320D23B8769C001787A5 /* 0.jpg in Resources */,
				F443918523AB658E004349F8 /* LaunchScreen.storyboard in Resources */,
				F443918223AB658E004349F8 /* Assets.xcassets in Resources */,
				F443917D23AB658C004349F8 /* Main.storyboard in Resources */,
				F4A4320E23B8769C001787A5 /* 1.jpg in Resources */,
				F4A4321823B8769C001787A5 /* 3.jpg in Resources */,
			);
			runOnlyForDeploymentPostprocessing = 0;
		};
		F4A3B73523BB546C00DB13C5 /* Resources */ = {
			isa = PBXResourcesBuildPhase;
			buildActionMask = 2147483647;
			files = (
			);
			runOnlyForDeploymentPostprocessing = 0;
		};
		F4A3B73E23BB546C00DB13C5 /* Resources */ = {
			isa = PBXResourcesBuildPhase;
			buildActionMask = 2147483647;
			files = (
				F4A3B74823BB546C00DB13C5 /* MainInterface.storyboard in Resources */,
			);
			runOnlyForDeploymentPostprocessing = 0;
		};
/* End PBXResourcesBuildPhase section */

/* Begin PBXShellScriptBuildPhase section */
		0E57EB7149258DB9834715C7 /* [CP] Check Pods Manifest.lock */ = {
			isa = PBXShellScriptBuildPhase;
			buildActionMask = 2147483647;
			files = (
			);
			inputFileListPaths = (
			);
			inputPaths = (
				"${PODS_PODFILE_DIR_PATH}/Podfile.lock",
				"${PODS_ROOT}/Manifest.lock",
			);
			name = "[CP] Check Pods Manifest.lock";
			outputFileListPaths = (
			);
			outputPaths = (
				"$(DERIVED_FILE_DIR)/Pods-HeyLiveCam-checkManifestLockResult.txt",
			);
			runOnlyForDeploymentPostprocessing = 0;
			shellPath = /bin/sh;
			shellScript = "diff \"${PODS_PODFILE_DIR_PATH}/Podfile.lock\" \"${PODS_ROOT}/Manifest.lock\" > /dev/null\nif [ $? != 0 ] ; then\n    # print error to STDERR\n    echo \"error: The sandbox is not in sync with the Podfile.lock. Run 'pod install' or update your CocoaPods installation.\" >&2\n    exit 1\nfi\n# This output is used by Xcode 'outputs' to avoid re-running this script phase.\necho \"SUCCESS\" > \"${SCRIPT_OUTPUT_FILE_0}\"\n";
			showEnvVarsInLog = 0;
		};
		612AD32A2B4F8D01EDE6CD82 /* [CP] Embed Pods Frameworks */ = {
			isa = PBXShellScriptBuildPhase;
			buildActionMask = 2147483647;
			files = (
			);
			inputFileListPaths = (
				"${PODS_ROOT}/Target Support Files/Pods-HeyLiveCam/Pods-HeyLiveCam-frameworks-${CONFIGURATION}-input-files.xcfilelist",
			);
			name = "[CP] Embed Pods Frameworks";
			outputFileListPaths = (
				"${PODS_ROOT}/Target Support Files/Pods-HeyLiveCam/Pods-HeyLiveCam-frameworks-${CONFIGURATION}-output-files.xcfilelist",
			);
			runOnlyForDeploymentPostprocessing = 0;
			shellPath = /bin/sh;
			shellScript = "\"${PODS_ROOT}/Target Support Files/Pods-HeyLiveCam/Pods-HeyLiveCam-frameworks.sh\"\n";
			showEnvVarsInLog = 0;
		};
/* End PBXShellScriptBuildPhase section */

/* Begin PBXSourcesBuildPhase section */
		F443916E23AB658C004349F8 /* Sources */ = {
			isa = PBXSourcesBuildPhase;
			buildActionMask = 2147483647;
			files = (
				F4A4323023B877EC001787A5 /* UIImage+CenteredFrame.swift in Sources */,
				F4B1BF9423BB6B6700FB60A5 /* Intents.intentdefinition in Sources */,
				F4A4322A23B877EC001787A5 /* Viewable.swift in Sources */,
				F4A4323723B877EC001787A5 /* ViewableControllerContainer.swift in Sources */,
				F4A4323423B877EC001787A5 /* UIViewController+Window.swift in Sources */,
				F4A9136D23B4B698006E207A /* PopOverVC.swift in Sources */,
				F443917A23AB658C004349F8 /* CameraVC.swift in Sources */,
				F443917623AB658C004349F8 /* AppDelegate.swift in Sources */,
				F4A4322B23B877EC001787A5 /* UIViewExtensions.swift in Sources */,
				F4A4323823B877EC001787A5 /* ViewerController.swift in Sources */,
				F4A4323323B877EC001787A5 /* VideoView.swift in Sources */,
				F4B0D8F423ADE0B9007F0380 /* CameraController.swift in Sources */,
				F4B0D8FD23AE394B007F0380 /* InAppPurchaseVC.swift in Sources */,
				F497CFEA23ACD20C00DED004 /* SpeechToTextVC.swift in Sources */,
				F4A4321623B8769C001787A5 /* PhotosController.swift in Sources */,
				F443918023AB658C004349F8 /* HeyLiveCam.xcdatamodeld in Sources */,
				F4A4323123B877EC001787A5 /* DefaultHeaderView.swift in Sources */,
				F4A4322D23B877EC001787A5 /* ViewerAssets.swift in Sources */,
				F4559F0123B3193000E5BD30 /* UserDefaultData.swift in Sources */,
				F4A4321023B8769C001787A5 /* PopupController.swift in Sources */,
				F443917823AB658C004349F8 /* SceneDelegate.swift in Sources */,
				F4A4321323B8769C001787A5 /* PhotoCell.swift in Sources */,
				F497CFF423ACEC3800DED004 /* UIImageExtension.swift in Sources */,
				F4A4322E23B877EC001787A5 /* VideoProgressView.swift in Sources */,
				F4A4323623B877EC001787A5 /* ViewableController.swift in Sources */,
				F4A4321423B8769C001787A5 /* Photo.swift in Sources */,
				F4A4320F23B8769C001787A5 /* HeaderView.swift in Sources */,
				F4AD5A8423B21CC900784D94 /* VoiceTextUpdateVC.swift in Sources */,
				F4AD5A8723B2607400784D94 /* HelpVC.swift in Sources */,
				F4B0D8FA23ADEE55007F0380 /* CameraVidoeVC.swift in Sources */,
				F4A4321723B8769C001787A5 /* PhotosCollectionLayout.swift in Sources */,
				F4A4323523B877EC001787A5 /* SlideshowView.swift in Sources */,
				F4A4323223B877EC001787A5 /* NSIndexPath+Contiguous.swift in Sources */,
				F4A4322F23B877EC001787A5 /* PaginatedScrollView.swift in Sources */,
				F4B0D90023AE42A4007F0380 /* SettingsVC.swift in Sources */,
				F4A4321223B8769C001787A5 /* FooterView.swift in Sources */,
				F4B1BF9223BB681A00FB60A5 /* ConstantFile.swift in Sources */,
			);
			runOnlyForDeploymentPostprocessing = 0;
		};
		F4A3B73323BB546C00DB13C5 /* Sources */ = {
			isa = PBXSourcesBuildPhase;
			buildActionMask = 2147483647;
			files = (
				F4B1BF9723BB77B100FB60A5 /* Intents.intentdefinition in Sources */,
				F4A3B73A23BB546C00DB13C5 /* IntentHandler.swift in Sources */,
			);
			runOnlyForDeploymentPostprocessing = 0;
		};
		F4A3B73C23BB546C00DB13C5 /* Sources */ = {
			isa = PBXSourcesBuildPhase;
			buildActionMask = 2147483647;
			files = (
				F4B1BF9823BB77B100FB60A5 /* Intents.intentdefinition in Sources */,
				F4A3B74523BB546C00DB13C5 /* IntentViewController.swift in Sources */,
			);
			runOnlyForDeploymentPostprocessing = 0;
		};
/* End PBXSourcesBuildPhase section */

/* Begin PBXTargetDependency section */
		F4A3B74B23BB546C00DB13C5 /* PBXTargetDependency */ = {
			isa = PBXTargetDependency;
			target = F4A3B73F23BB546C00DB13C5 /* HeyLiveCamSiriUI */;
			targetProxy = F4A3B74A23BB546C00DB13C5 /* PBXContainerItemProxy */;
		};
		F4A3B74E23BB546C00DB13C5 /* PBXTargetDependency */ = {
			isa = PBXTargetDependency;
			target = F4A3B73623BB546C00DB13C5 /* HeyLiveCamSiri */;
			targetProxy = F4A3B74D23BB546C00DB13C5 /* PBXContainerItemProxy */;
		};
/* End PBXTargetDependency section */

/* Begin PBXVariantGroup section */
		F443917B23AB658C004349F8 /* Main.storyboard */ = {
			isa = PBXVariantGroup;
			children = (
				F443917C23AB658C004349F8 /* Base */,
			);
			name = Main.storyboard;
			sourceTree = "<group>";
		};
		F443918323AB658E004349F8 /* LaunchScreen.storyboard */ = {
			isa = PBXVariantGroup;
			children = (
				F443918423AB658E004349F8 /* Base */,
			);
			name = LaunchScreen.storyboard;
			sourceTree = "<group>";
		};
		F4A3B74623BB546C00DB13C5 /* MainInterface.storyboard */ = {
			isa = PBXVariantGroup;
			children = (
				F4A3B74723BB546C00DB13C5 /* Base */,
			);
			name = MainInterface.storyboard;
			sourceTree = "<group>";
		};
/* End PBXVariantGroup section */

/* Begin XCBuildConfiguration section */
		F443918723AB658E004349F8 /* Debug */ = {
			isa = XCBuildConfiguration;
			buildSettings = {
				ALWAYS_SEARCH_USER_PATHS = NO;
				CLANG_ANALYZER_NONNULL = YES;
				CLANG_ANALYZER_NUMBER_OBJECT_CONVERSION = YES_AGGRESSIVE;
				CLANG_CXX_LANGUAGE_STANDARD = "gnu++14";
				CLANG_CXX_LIBRARY = "libc++";
				CLANG_ENABLE_MODULES = YES;
				CLANG_ENABLE_OBJC_ARC = YES;
				CLANG_ENABLE_OBJC_WEAK = YES;
				CLANG_WARN_BLOCK_CAPTURE_AUTORELEASING = YES;
				CLANG_WARN_BOOL_CONVERSION = YES;
				CLANG_WARN_COMMA = YES;
				CLANG_WARN_CONSTANT_CONVERSION = YES;
				CLANG_WARN_DEPRECATED_OBJC_IMPLEMENTATIONS = YES;
				CLANG_WARN_DIRECT_OBJC_ISA_USAGE = YES_ERROR;
				CLANG_WARN_DOCUMENTATION_COMMENTS = YES;
				CLANG_WARN_EMPTY_BODY = YES;
				CLANG_WARN_ENUM_CONVERSION = YES;
				CLANG_WARN_INFINITE_RECURSION = YES;
				CLANG_WARN_INT_CONVERSION = YES;
				CLANG_WARN_NON_LITERAL_NULL_CONVERSION = YES;
				CLANG_WARN_OBJC_IMPLICIT_RETAIN_SELF = YES;
				CLANG_WARN_OBJC_LITERAL_CONVERSION = YES;
				CLANG_WARN_OBJC_ROOT_CLASS = YES_ERROR;
				CLANG_WARN_RANGE_LOOP_ANALYSIS = YES;
				CLANG_WARN_STRICT_PROTOTYPES = YES;
				CLANG_WARN_SUSPICIOUS_MOVE = YES;
				CLANG_WARN_UNGUARDED_AVAILABILITY = YES_AGGRESSIVE;
				CLANG_WARN_UNREACHABLE_CODE = YES;
				CLANG_WARN__DUPLICATE_METHOD_MATCH = YES;
				COPY_PHASE_STRIP = NO;
				DEBUG_INFORMATION_FORMAT = dwarf;
				ENABLE_STRICT_OBJC_MSGSEND = YES;
				ENABLE_TESTABILITY = YES;
				GCC_C_LANGUAGE_STANDARD = gnu11;
				GCC_DYNAMIC_NO_PIC = NO;
				GCC_NO_COMMON_BLOCKS = YES;
				GCC_OPTIMIZATION_LEVEL = 0;
				GCC_PREPROCESSOR_DEFINITIONS = (
					"DEBUG=1",
					"$(inherited)",
				);
				GCC_WARN_64_TO_32_BIT_CONVERSION = YES;
				GCC_WARN_ABOUT_RETURN_TYPE = YES_ERROR;
				GCC_WARN_UNDECLARED_SELECTOR = YES;
				GCC_WARN_UNINITIALIZED_AUTOS = YES_AGGRESSIVE;
				GCC_WARN_UNUSED_FUNCTION = YES;
				GCC_WARN_UNUSED_VARIABLE = YES;
				IPHONEOS_DEPLOYMENT_TARGET = 13.2;
				MTL_ENABLE_DEBUG_INFO = INCLUDE_SOURCE;
				MTL_FAST_MATH = YES;
				ONLY_ACTIVE_ARCH = YES;
				SDKROOT = iphoneos;
				SWIFT_ACTIVE_COMPILATION_CONDITIONS = DEBUG;
				SWIFT_OPTIMIZATION_LEVEL = "-Onone";
			};
			name = Debug;
		};
		F443918823AB658E004349F8 /* Release */ = {
			isa = XCBuildConfiguration;
			buildSettings = {
				ALWAYS_SEARCH_USER_PATHS = NO;
				CLANG_ANALYZER_NONNULL = YES;
				CLANG_ANALYZER_NUMBER_OBJECT_CONVERSION = YES_AGGRESSIVE;
				CLANG_CXX_LANGUAGE_STANDARD = "gnu++14";
				CLANG_CXX_LIBRARY = "libc++";
				CLANG_ENABLE_MODULES = YES;
				CLANG_ENABLE_OBJC_ARC = YES;
				CLANG_ENABLE_OBJC_WEAK = YES;
				CLANG_WARN_BLOCK_CAPTURE_AUTORELEASING = YES;
				CLANG_WARN_BOOL_CONVERSION = YES;
				CLANG_WARN_COMMA = YES;
				CLANG_WARN_CONSTANT_CONVERSION = YES;
				CLANG_WARN_DEPRECATED_OBJC_IMPLEMENTATIONS = YES;
				CLANG_WARN_DIRECT_OBJC_ISA_USAGE = YES_ERROR;
				CLANG_WARN_DOCUMENTATION_COMMENTS = YES;
				CLANG_WARN_EMPTY_BODY = YES;
				CLANG_WARN_ENUM_CONVERSION = YES;
				CLANG_WARN_INFINITE_RECURSION = YES;
				CLANG_WARN_INT_CONVERSION = YES;
				CLANG_WARN_NON_LITERAL_NULL_CONVERSION = YES;
				CLANG_WARN_OBJC_IMPLICIT_RETAIN_SELF = YES;
				CLANG_WARN_OBJC_LITERAL_CONVERSION = YES;
				CLANG_WARN_OBJC_ROOT_CLASS = YES_ERROR;
				CLANG_WARN_RANGE_LOOP_ANALYSIS = YES;
				CLANG_WARN_STRICT_PROTOTYPES = YES;
				CLANG_WARN_SUSPICIOUS_MOVE = YES;
				CLANG_WARN_UNGUARDED_AVAILABILITY = YES_AGGRESSIVE;
				CLANG_WARN_UNREACHABLE_CODE = YES;
				CLANG_WARN__DUPLICATE_METHOD_MATCH = YES;
				COPY_PHASE_STRIP = NO;
				DEBUG_INFORMATION_FORMAT = "dwarf-with-dsym";
				ENABLE_NS_ASSERTIONS = NO;
				ENABLE_STRICT_OBJC_MSGSEND = YES;
				GCC_C_LANGUAGE_STANDARD = gnu11;
				GCC_NO_COMMON_BLOCKS = YES;
				GCC_WARN_64_TO_32_BIT_CONVERSION = YES;
				GCC_WARN_ABOUT_RETURN_TYPE = YES_ERROR;
				GCC_WARN_UNDECLARED_SELECTOR = YES;
				GCC_WARN_UNINITIALIZED_AUTOS = YES_AGGRESSIVE;
				GCC_WARN_UNUSED_FUNCTION = YES;
				GCC_WARN_UNUSED_VARIABLE = YES;
				IPHONEOS_DEPLOYMENT_TARGET = 13.2;
				MTL_ENABLE_DEBUG_INFO = NO;
				MTL_FAST_MATH = YES;
				SDKROOT = iphoneos;
				SWIFT_COMPILATION_MODE = wholemodule;
				SWIFT_OPTIMIZATION_LEVEL = "-O";
				VALIDATE_PRODUCT = YES;
			};
			name = Release;
		};
		F443918A23AB658E004349F8 /* Debug */ = {
			isa = XCBuildConfiguration;
			baseConfigurationReference = 95DD20A01518E2313153A69C /* Pods-HeyLiveCam.debug.xcconfig */;
			buildSettings = {
				ALWAYS_EMBED_SWIFT_STANDARD_LIBRARIES = YES;
				ASSETCATALOG_COMPILER_APPICON_NAME = AppIcon;
				CODE_SIGN_IDENTITY = "Apple Development";
				CODE_SIGN_STYLE = Automatic;
				DEVELOPMENT_TEAM = WNSR674VCF;
				INFOPLIST_FILE = HeyLiveCam/Info.plist;
				IPHONEOS_DEPLOYMENT_TARGET = 13.0;
				LD_RUNPATH_SEARCH_PATHS = (
					"$(inherited)",
					"@executable_path/Frameworks",
				);
				PRODUCT_BUNDLE_IDENTIFIER = com.ltl.HeyLiveCam;
				PRODUCT_NAME = "$(TARGET_NAME)";
				PROVISIONING_PROFILE_SPECIFIER = "";
				SWIFT_VERSION = 5.0;
				TARGETED_DEVICE_FAMILY = 1;
			};
			name = Debug;
		};
		F443918B23AB658E004349F8 /* Release */ = {
			isa = XCBuildConfiguration;
			baseConfigurationReference = 1EF37BA145912A959B522B35 /* Pods-HeyLiveCam.release.xcconfig */;
			buildSettings = {
				ALWAYS_EMBED_SWIFT_STANDARD_LIBRARIES = YES;
				ASSETCATALOG_COMPILER_APPICON_NAME = AppIcon;
				CODE_SIGN_IDENTITY = "Apple Development";
				CODE_SIGN_STYLE = Automatic;
				DEVELOPMENT_TEAM = WNSR674VCF;
				INFOPLIST_FILE = HeyLiveCam/Info.plist;
				IPHONEOS_DEPLOYMENT_TARGET = 13.0;
				LD_RUNPATH_SEARCH_PATHS = (
					"$(inherited)",
					"@executable_path/Frameworks",
				);
				PRODUCT_BUNDLE_IDENTIFIER = com.ltl.HeyLiveCam;
				PRODUCT_NAME = "$(TARGET_NAME)";
				PROVISIONING_PROFILE_SPECIFIER = "";
				SWIFT_VERSION = 5.0;
				TARGETED_DEVICE_FAMILY = 1;
			};
			name = Release;
		};
		F4A3B75123BB546C00DB13C5 /* Debug */ = {
			isa = XCBuildConfiguration;
			buildSettings = {
				CODE_SIGN_IDENTITY = "Apple Development";
				CODE_SIGN_STYLE = Automatic;
				DEVELOPMENT_TEAM = WNSR674VCF;
				INFOPLIST_FILE = HeyLiveCamSiri/Info.plist;
				LD_RUNPATH_SEARCH_PATHS = (
					"$(inherited)",
					"@executable_path/Frameworks",
					"@executable_path/../../Frameworks",
				);
				PRODUCT_BUNDLE_IDENTIFIER = com.ltl.HeyLiveCam.HeyLiveCamSiri;
				PRODUCT_NAME = "$(TARGET_NAME)";
				SKIP_INSTALL = YES;
				SWIFT_VERSION = 5.0;
				TARGETED_DEVICE_FAMILY = "1,2";
			};
			name = Debug;
		};
		F4A3B75223BB546C00DB13C5 /* Release */ = {
			isa = XCBuildConfiguration;
			buildSettings = {
				CODE_SIGN_IDENTITY = "Apple Development";
				CODE_SIGN_STYLE = Automatic;
				DEVELOPMENT_TEAM = WNSR674VCF;
				INFOPLIST_FILE = HeyLiveCamSiri/Info.plist;
				LD_RUNPATH_SEARCH_PATHS = (
					"$(inherited)",
					"@executable_path/Frameworks",
					"@executable_path/../../Frameworks",
				);
				PRODUCT_BUNDLE_IDENTIFIER = com.ltl.HeyLiveCam.HeyLiveCamSiri;
				PRODUCT_NAME = "$(TARGET_NAME)";
				SKIP_INSTALL = YES;
				SWIFT_VERSION = 5.0;
				TARGETED_DEVICE_FAMILY = "1,2";
			};
			name = Release;
		};
		F4A3B75323BB546C00DB13C5 /* Debug */ = {
			isa = XCBuildConfiguration;
			buildSettings = {
				CODE_SIGN_IDENTITY = "Apple Development";
				CODE_SIGN_STYLE = Automatic;
				DEVELOPMENT_TEAM = WNSR674VCF;
				INFOPLIST_FILE = HeyLiveCamSiriUI/Info.plist;
				LD_RUNPATH_SEARCH_PATHS = (
					"$(inherited)",
					"@executable_path/Frameworks",
					"@executable_path/../../Frameworks",
				);
				PRODUCT_BUNDLE_IDENTIFIER = com.ltl.HeyLiveCam.HeyLiveCamSiriUI;
				PRODUCT_NAME = "$(TARGET_NAME)";
				SKIP_INSTALL = YES;
				SWIFT_VERSION = 5.0;
				TARGETED_DEVICE_FAMILY = "1,2";
			};
			name = Debug;
		};
		F4A3B75423BB546C00DB13C5 /* Release */ = {
			isa = XCBuildConfiguration;
			buildSettings = {
				CODE_SIGN_IDENTITY = "Apple Development";
				CODE_SIGN_STYLE = Automatic;
				DEVELOPMENT_TEAM = WNSR674VCF;
				INFOPLIST_FILE = HeyLiveCamSiriUI/Info.plist;
				LD_RUNPATH_SEARCH_PATHS = (
					"$(inherited)",
					"@executable_path/Frameworks",
					"@executable_path/../../Frameworks",
				);
				PRODUCT_BUNDLE_IDENTIFIER = com.ltl.HeyLiveCam.HeyLiveCamSiriUI;
				PRODUCT_NAME = "$(TARGET_NAME)";
				SKIP_INSTALL = YES;
				SWIFT_VERSION = 5.0;
				TARGETED_DEVICE_FAMILY = "1,2";
			};
			name = Release;
		};
/* End XCBuildConfiguration section */

/* Begin XCConfigurationList section */
		F443916D23AB658C004349F8 /* Build configuration list for PBXProject "HeyLiveCam" */ = {
			isa = XCConfigurationList;
			buildConfigurations = (
				F443918723AB658E004349F8 /* Debug */,
				F443918823AB658E004349F8 /* Release */,
			);
			defaultConfigurationIsVisible = 0;
			defaultConfigurationName = Release;
		};
		F443918923AB658E004349F8 /* Build configuration list for PBXNativeTarget "HeyLiveCam" */ = {
			isa = XCConfigurationList;
			buildConfigurations = (
				F443918A23AB658E004349F8 /* Debug */,
				F443918B23AB658E004349F8 /* Release */,
			);
			defaultConfigurationIsVisible = 0;
			defaultConfigurationName = Release;
		};
		F4A3B75523BB546C00DB13C5 /* Build configuration list for PBXNativeTarget "HeyLiveCamSiriUI" */ = {
			isa = XCConfigurationList;
			buildConfigurations = (
				F4A3B75323BB546C00DB13C5 /* Debug */,
				F4A3B75423BB546C00DB13C5 /* Release */,
			);
			defaultConfigurationIsVisible = 0;
			defaultConfigurationName = Release;
		};
		F4A3B75623BB546C00DB13C5 /* Build configuration list for PBXNativeTarget "HeyLiveCamSiri" */ = {
			isa = XCConfigurationList;
			buildConfigurations = (
				F4A3B75123BB546C00DB13C5 /* Debug */,
				F4A3B75223BB546C00DB13C5 /* Release */,
			);
			defaultConfigurationIsVisible = 0;
			defaultConfigurationName = Release;
		};
/* End XCConfigurationList section */

/* Begin XCVersionGroup section */
		F443917E23AB658C004349F8 /* HeyLiveCam.xcdatamodeld */ = {
			isa = XCVersionGroup;
			children = (
				F443917F23AB658C004349F8 /* HeyLiveCam.xcdatamodel */,
			);
			currentVersion = F443917F23AB658C004349F8 /* HeyLiveCam.xcdatamodel */;
			path = HeyLiveCam.xcdatamodeld;
			sourceTree = "<group>";
			versionGroupType = wrapper.xcdatamodel;
		};
/* End XCVersionGroup section */
	};
	rootObject = F443916A23AB658C004349F8 /* Project object */;
}
